
Microsoft Visual Studio Solution File, Format Version 12.00
# Visual Studio Version 16
VisualStudioVersion = 16.0.30907.101
MinimumVisualStudioVersion = 10.0.40219.1
Project("{FAE04EC0-301F-11D3-BF4B-00C04F79EFBC}") = "TicTacToe", "Kolko_I_Krzyzyk\TicTacToe.csproj", "{EEB4AB10-C397-482F-8AAC-D735CEBC07F7}"
EndProject
Project("{FAE04EC0-301F-11D3-BF4B-00C04F79EFBC}") = "TicTacToe_Server", "TicTacToe_Server\TicTacToe_Server.csproj", "{51B93D64-E0D6-44F6-8493-6DF0A3847BEC}"
	ProjectSection(ProjectDependencies) = postProject
		{433D446A-2973-4B04-9631-723F930B011B} = {433D446A-2973-4B04-9631-723F930B011B}
	EndProjectSection
EndProject
Project("{FAE04EC0-301F-11D3-BF4B-00C04F79EFBC}") = "ModerrNetworking", "ModerrNetworking\ModerrNetworking.csproj", "{433D446A-2973-4B04-9631-723F930B011B}"
EndProject
Global
	GlobalSection(SolutionConfigurationPlatforms) = preSolution
		Debug|Any CPU = Debug|Any CPU
		Release|Any CPU = Release|Any CPU
	EndGlobalSection
	GlobalSection(ProjectConfigurationPlatforms) = postSolution
		{EEB4AB10-C397-482F-8AAC-D735CEBC07F7}.Debug|Any CPU.ActiveCfg = Debug|Any CPU
		{EEB4AB10-C397-482F-8AAC-D735CEBC07F7}.Debug|Any CPU.Build.0 = Debug|Any CPU
		{EEB4AB10-C397-482F-8AAC-D735CEBC07F7}.Release|Any CPU.ActiveCfg = Release|Any CPU
		{EEB4AB10-C397-482F-8AAC-D735CEBC07F7}.Release|Any CPU.Build.0 = Release|Any CPU
		{51B93D64-E0D6-44F6-8493-6DF0A3847BEC}.Debug|Any CPU.ActiveCfg = Debug|Any CPU
		{51B93D64-E0D6-44F6-8493-6DF0A3847BEC}.Debug|Any CPU.Build.0 = Debug|Any CPU
		{51B93D64-E0D6-44F6-8493-6DF0A3847BEC}.Release|Any CPU.ActiveCfg = Release|Any CPU
		{51B93D64-E0D6-44F6-8493-6DF0A3847BEC}.Release|Any CPU.Build.0 = Release|Any CPU
		{433D446A-2973-4B04-9631-723F930B011B}.Debug|Any CPU.ActiveCfg = Debug|Any CPU
		{433D446A-2973-4B04-9631-723F930B011B}.Debug|Any CPU.Build.0 = Debug|Any CPU
		{433D446A-2973-4B04-9631-723F930B011B}.Release|Any CPU.ActiveCfg = Release|Any CPU
		{433D446A-2973-4B04-9631-723F930B011B}.Release|Any CPU.Build.0 = Release|Any CPU
	EndGlobalSection
	GlobalSection(SolutionProperties) = preSolution
		HideSolutionNode = FALSE
	EndGlobalSection
	GlobalSection(ExtensibilityGlobals) = postSolution
		SolutionGuid = {523DD280-C285-4314-849D-A00199E20F5B}
	EndGlobalSection
EndGlobal
